
Microsoft Visual Studio Solution File, Format Version 12.00
# Visual Studio 14
VisualStudioVersion = 14.0.25420.1
MinimumVisualStudioVersion = 10.0.40219.1
Project("{2150E333-8FDC-42A3-9474-1A3956D46DE8}") = "04后台管理", "04后台管理", "{68763BF5-5B74-4554-9D7E-75D62C4A9E07}"
EndProject
Project("{FAE04EC0-301F-11D3-BF4B-00C04F79EFBC}") = "ChloeORM", "01数据访问\ChloeORM\ChloeORM.csproj", "{355AFCF8-2F99-4C1E-8AD5-B7C53D06AF2C}"
EndProject
Project("{FAE04EC0-301F-11D3-BF4B-00C04F79EFBC}") = "SugarModel", "01数据访问\SugarModel\SugarModel.csproj", "{B4A96969-3078-44A5-AA78-84AF95CBEBB5}"
EndProject
Project("{2150E333-8FDC-42A3-9474-1A3956D46DE8}") = "01数据访问", "01数据访问", "{8055DA83-91D0-489B-AFAA-ABF143F4E558}"
EndProject
Project("{2150E333-8FDC-42A3-9474-1A3956D46DE8}") = "02缓存接口", "02缓存接口", "{E8A2BC43-BB29-497F-B6D5-DEB91C7B162E}"
EndProject
Project("{2150E333-8FDC-42A3-9474-1A3956D46DE8}") = "03业务控制", "03业务控制", "{46840585-2F89-418A-8821-4113ACF2D6A5}"
EndProject
Project("{FAE04EC0-301F-11D3-BF4B-00C04F79EFBC}") = "BossWellApp", "02缓存接口\BossWellApp\BossWellApp.csproj", "{B643EBBA-EEC2-42BD-A805-CF3F47C90C98}"
EndProject
Project("{FAE04EC0-301F-11D3-BF4B-00C04F79EFBC}") = "BossWellService", "02缓存接口\BossWellService\BossWellService.csproj", "{17FCBBBF-AB41-43D7-98BC-C774F770AF52}"
EndProject
Project("{FAE04EC0-301F-11D3-BF4B-00C04F79EFBC}") = "IBossWellService", "02缓存接口\IBossWellService\IBossWellService.csproj", "{D0203AE3-06D2-474A-9D5E-3E02BCD11554}"
EndProject
Project("{FAE04EC0-301F-11D3-BF4B-00C04F79EFBC}") = "ApiHelp", "03业务控制\ApiHelp\ApiHelp.csproj", "{2AF723C8-7375-49E0-9A6F-3C3F3526304E}"
EndProject
Project("{FAE04EC0-301F-11D3-BF4B-00C04F79EFBC}") = "WApiService", "03业务控制\WApiService\WApiService.csproj", "{F18710B4-BA13-49C0-9FC0-2B1CB8A27A0E}"
EndProject
Project("{2150E333-8FDC-42A3-9474-1A3956D46DE8}") = "Chloe", "Chloe", "{63DBA059-55DF-43FB-9A80-1658F28269C8}"
EndProject
Project("{FAE04EC0-301F-11D3-BF4B-00C04F79EFBC}") = "Chloe", "01数据访问\Chloe\Chloe\Chloe.csproj", "{251CAE99-2279-4B09-AFE1-123C69030457}"
EndProject
Project("{FAE04EC0-301F-11D3-BF4B-00C04F79EFBC}") = "Chloe.Extension", "01数据访问\Chloe\Chloe.Extension\Chloe.Extension.csproj", "{D86E8BA3-41DB-4CDD-A84B-B3919974FDAC}"
EndProject
Project("{FAE04EC0-301F-11D3-BF4B-00C04F79EFBC}") = "Chloe.MySql", "01数据访问\Chloe\Chloe.MySql\Chloe.MySql.csproj", "{D2F4970B-35BA-4855-BEFA-75ADB44BC196}"
EndProject
Project("{FAE04EC0-301F-11D3-BF4B-00C04F79EFBC}") = "Chloe.Oracle", "01数据访问\Chloe\Chloe.Oracle\Chloe.Oracle.csproj", "{AE9AC627-1674-47C9-9DE4-A80664C5EE0A}"
EndProject
Project("{FAE04EC0-301F-11D3-BF4B-00C04F79EFBC}") = "Chloe.SQLite", "01数据访问\Chloe\Chloe.SQLite\Chloe.SQLite.csproj", "{A89888E2-7EE1-4490-B860-D6DBF5601958}"
EndProject
Project("{FAE04EC0-301F-11D3-BF4B-00C04F79EFBC}") = "Chloe.SqlServer", "01数据访问\Chloe\Chloe.SqlServer\Chloe.SqlServer.csproj", "{C77E3E54-36CF-4AE9-BAD7-6C5C524FFFCF}"
EndProject
Global
	GlobalSection(SolutionConfigurationPlatforms) = preSolution
		Debug|Any CPU = Debug|Any CPU
		Release|Any CPU = Release|Any CPU
	EndGlobalSection
	GlobalSection(ProjectConfigurationPlatforms) = postSolution
		{355AFCF8-2F99-4C1E-8AD5-B7C53D06AF2C}.Debug|Any CPU.ActiveCfg = Debug|Any CPU
		{355AFCF8-2F99-4C1E-8AD5-B7C53D06AF2C}.Debug|Any CPU.Build.0 = Debug|Any CPU
		{355AFCF8-2F99-4C1E-8AD5-B7C53D06AF2C}.Release|Any CPU.ActiveCfg = Release|Any CPU
		{355AFCF8-2F99-4C1E-8AD5-B7C53D06AF2C}.Release|Any CPU.Build.0 = Release|Any CPU
		{B4A96969-3078-44A5-AA78-84AF95CBEBB5}.Debug|Any CPU.ActiveCfg = Debug|Any CPU
		{B4A96969-3078-44A5-AA78-84AF95CBEBB5}.Debug|Any CPU.Build.0 = Debug|Any CPU
		{B4A96969-3078-44A5-AA78-84AF95CBEBB5}.Release|Any CPU.ActiveCfg = Release|Any CPU
		{B4A96969-3078-44A5-AA78-84AF95CBEBB5}.Release|Any CPU.Build.0 = Release|Any CPU
		{B643EBBA-EEC2-42BD-A805-CF3F47C90C98}.Debug|Any CPU.ActiveCfg = Debug|Any CPU
		{B643EBBA-EEC2-42BD-A805-CF3F47C90C98}.Debug|Any CPU.Build.0 = Debug|Any CPU
		{B643EBBA-EEC2-42BD-A805-CF3F47C90C98}.Release|Any CPU.ActiveCfg = Release|Any CPU
		{B643EBBA-EEC2-42BD-A805-CF3F47C90C98}.Release|Any CPU.Build.0 = Release|Any CPU
		{17FCBBBF-AB41-43D7-98BC-C774F770AF52}.Debug|Any CPU.ActiveCfg = Debug|Any CPU
		{17FCBBBF-AB41-43D7-98BC-C774F770AF52}.Debug|Any CPU.Build.0 = Debug|Any CPU
		{17FCBBBF-AB41-43D7-98BC-C774F770AF52}.Release|Any CPU.ActiveCfg = Release|Any CPU
		{17FCBBBF-AB41-43D7-98BC-C774F770AF52}.Release|Any CPU.Build.0 = Release|Any CPU
		{D0203AE3-06D2-474A-9D5E-3E02BCD11554}.Debug|Any CPU.ActiveCfg = Debug|Any CPU
		{D0203AE3-06D2-474A-9D5E-3E02BCD11554}.Debug|Any CPU.Build.0 = Debug|Any CPU
		{D0203AE3-06D2-474A-9D5E-3E02BCD11554}.Release|Any CPU.ActiveCfg = Release|Any CPU
		{D0203AE3-06D2-474A-9D5E-3E02BCD11554}.Release|Any CPU.Build.0 = Release|Any CPU
		{2AF723C8-7375-49E0-9A6F-3C3F3526304E}.Debug|Any CPU.ActiveCfg = Debug|Any CPU
		{2AF723C8-7375-49E0-9A6F-3C3F3526304E}.Debug|Any CPU.Build.0 = Debug|Any CPU
		{2AF723C8-7375-49E0-9A6F-3C3F3526304E}.Release|Any CPU.ActiveCfg = Release|Any CPU
		{2AF723C8-7375-49E0-9A6F-3C3F3526304E}.Release|Any CPU.Build.0 = Release|Any CPU
		{F18710B4-BA13-49C0-9FC0-2B1CB8A27A0E}.Debug|Any CPU.ActiveCfg = Debug|Any CPU
		{F18710B4-BA13-49C0-9FC0-2B1CB8A27A0E}.Debug|Any CPU.Build.0 = Debug|Any CPU
		{F18710B4-BA13-49C0-9FC0-2B1CB8A27A0E}.Release|Any CPU.ActiveCfg = Release|Any CPU
		{F18710B4-BA13-49C0-9FC0-2B1CB8A27A0E}.Release|Any CPU.Build.0 = Release|Any CPU
		{251CAE99-2279-4B09-AFE1-123C69030457}.Debug|Any CPU.ActiveCfg = Debug|Any CPU
		{251CAE99-2279-4B09-AFE1-123C69030457}.Debug|Any CPU.Build.0 = Debug|Any CPU
		{251CAE99-2279-4B09-AFE1-123C69030457}.Release|Any CPU.ActiveCfg = Release|Any CPU
		{251CAE99-2279-4B09-AFE1-123C69030457}.Release|Any CPU.Build.0 = Release|Any CPU
		{D86E8BA3-41DB-4CDD-A84B-B3919974FDAC}.Debug|Any CPU.ActiveCfg = Debug|Any CPU
		{D86E8BA3-41DB-4CDD-A84B-B3919974FDAC}.Debug|Any CPU.Build.0 = Debug|Any CPU
		{D86E8BA3-41DB-4CDD-A84B-B3919974FDAC}.Release|Any CPU.ActiveCfg = Release|Any CPU
		{D86E8BA3-41DB-4CDD-A84B-B3919974FDAC}.Release|Any CPU.Build.0 = Release|Any CPU
		{D2F4970B-35BA-4855-BEFA-75ADB44BC196}.Debug|Any CPU.ActiveCfg = Debug|Any CPU
		{D2F4970B-35BA-4855-BEFA-75ADB44BC196}.Debug|Any CPU.Build.0 = Debug|Any CPU
		{D2F4970B-35BA-4855-BEFA-75ADB44BC196}.Release|Any CPU.ActiveCfg = Release|Any CPU
		{D2F4970B-35BA-4855-BEFA-75ADB44BC196}.Release|Any CPU.Build.0 = Release|Any CPU
		{AE9AC627-1674-47C9-9DE4-A80664C5EE0A}.Debug|Any CPU.ActiveCfg = Debug|Any CPU
		{AE9AC627-1674-47C9-9DE4-A80664C5EE0A}.Debug|Any CPU.Build.0 = Debug|Any CPU
		{AE9AC627-1674-47C9-9DE4-A80664C5EE0A}.Release|Any CPU.ActiveCfg = Release|Any CPU
		{AE9AC627-1674-47C9-9DE4-A80664C5EE0A}.Release|Any CPU.Build.0 = Release|Any CPU
		{A89888E2-7EE1-4490-B860-D6DBF5601958}.Debug|Any CPU.ActiveCfg = Debug|Any CPU
		{A89888E2-7EE1-4490-B860-D6DBF5601958}.Debug|Any CPU.Build.0 = Debug|Any CPU
		{A89888E2-7EE1-4490-B860-D6DBF5601958}.Release|Any CPU.ActiveCfg = Release|Any CPU
		{A89888E2-7EE1-4490-B860-D6DBF5601958}.Release|Any CPU.Build.0 = Release|Any CPU
		{C77E3E54-36CF-4AE9-BAD7-6C5C524FFFCF}.Debug|Any CPU.ActiveCfg = Debug|Any CPU
		{C77E3E54-36CF-4AE9-BAD7-6C5C524FFFCF}.Debug|Any CPU.Build.0 = Debug|Any CPU
		{C77E3E54-36CF-4AE9-BAD7-6C5C524FFFCF}.Release|Any CPU.ActiveCfg = Release|Any CPU
		{C77E3E54-36CF-4AE9-BAD7-6C5C524FFFCF}.Release|Any CPU.Build.0 = Release|Any CPU
	EndGlobalSection
	GlobalSection(SolutionProperties) = preSolution
		HideSolutionNode = FALSE
	EndGlobalSection
	GlobalSection(NestedProjects) = preSolution
		{355AFCF8-2F99-4C1E-8AD5-B7C53D06AF2C} = {8055DA83-91D0-489B-AFAA-ABF143F4E558}
		{B4A96969-3078-44A5-AA78-84AF95CBEBB5} = {8055DA83-91D0-489B-AFAA-ABF143F4E558}
		{B643EBBA-EEC2-42BD-A805-CF3F47C90C98} = {E8A2BC43-BB29-497F-B6D5-DEB91C7B162E}
		{17FCBBBF-AB41-43D7-98BC-C774F770AF52} = {E8A2BC43-BB29-497F-B6D5-DEB91C7B162E}
		{D0203AE3-06D2-474A-9D5E-3E02BCD11554} = {E8A2BC43-BB29-497F-B6D5-DEB91C7B162E}
		{2AF723C8-7375-49E0-9A6F-3C3F3526304E} = {46840585-2F89-418A-8821-4113ACF2D6A5}
		{F18710B4-BA13-49C0-9FC0-2B1CB8A27A0E} = {46840585-2F89-418A-8821-4113ACF2D6A5}
		{63DBA059-55DF-43FB-9A80-1658F28269C8} = {8055DA83-91D0-489B-AFAA-ABF143F4E558}
		{251CAE99-2279-4B09-AFE1-123C69030457} = {63DBA059-55DF-43FB-9A80-1658F28269C8}
		{D86E8BA3-41DB-4CDD-A84B-B3919974FDAC} = {63DBA059-55DF-43FB-9A80-1658F28269C8}
		{D2F4970B-35BA-4855-BEFA-75ADB44BC196} = {63DBA059-55DF-43FB-9A80-1658F28269C8}
		{AE9AC627-1674-47C9-9DE4-A80664C5EE0A} = {63DBA059-55DF-43FB-9A80-1658F28269C8}
		{A89888E2-7EE1-4490-B860-D6DBF5601958} = {63DBA059-55DF-43FB-9A80-1658F28269C8}
		{C77E3E54-36CF-4AE9-BAD7-6C5C524FFFCF} = {63DBA059-55DF-43FB-9A80-1658F28269C8}
	EndGlobalSection
EndGlobal
